{
  "requires": true,
  "lockfileVersion": 1,
  "dependencies": {
    "@ng-bootstrap/ng-bootstrap": {
      "version": "4.1.1",
      "resolved": "https://registry.npmjs.org/@ng-bootstrap/ng-bootstrap/-/ng-bootstrap-4.1.1.tgz",
      "integrity": "sha512-OgbmPVhbDdNpIwogEXsycUJG0caNtb2+wCABfLUClgi9YcfNXhZ9Phu2GQq7Pk/LO66okth6s77RBQnbTJuysg==",
      "requires": {
        "tslib": "^1.9.0"
      }
    },
    "bootstrap": {
      "version": "4.3.1",
      "resolved": "https://registry.npmjs.org/bootstrap/-/bootstrap-4.3.1.tgz",
      "integrity": "sha512-rXqOmH1VilAt2DyPzluTi2blhk17bO7ef+zLLPlWvG494pDxcM234pJ8wTc/6R40UWizAIIMgxjvxZg5kmsbag=="
    },
    "lodash": {
      "version": "4.17.11",
      "resolved": "https://registry.npmjs.org/lodash/-/lodash-4.17.11.tgz",
      "integrity": "sha512-cQKh8igo5QUhZ7lg38DYWAxMvjSAKG0A8wGSVimP07SIUEK2UO+arSRKbRZWtelMtN5V0Hkwh5ryOto/SshYIg=="
    },
    "ng2-smart-table": {
      "version": "1.4.0",
      "resolved": "https://registry.npmjs.org/ng2-smart-table/-/ng2-smart-table-1.4.0.tgz",
      "integrity": "sha512-5acg+v1L6mUUdvrddPRXCYiJ6dYHIRQA/efXj06Am20Gf7wxtCGAy6fCLA1ww8qJB8scR1qRDpzPQhMMuGRZhQ==",
      "requires": {
        "lodash": "^4.17.10"
      }
    },
    "ngx-bootstrap": {
      "version": "4.0.1",
      "resolved": "https://registry.npmjs.org/ngx-bootstrap/-/ngx-bootstrap-4.0.1.tgz",
      "integrity": "sha512-1O30RTmKO66F8+z5n3V+Y2/aZDhMjt4Se8dobTWmB7un9bJWovx7BQjjNqa0BsssA47LvqEnExNLhoTlSlE30A=="
    },
    "rxjs-compat": {
      "version": "6.5.1",
      "resolved": "https://registry.npmjs.org/rxjs-compat/-/rxjs-compat-6.5.1.tgz",
      "integrity": "sha512-k0aaMAYFg+DCIUxo3yJcUamFRenWLR23e/VJCQvKOxwSd9DQlwcSn2ov+7b23rKaX4weKG7OrzEBWGqQPkQ07A=="
    },
    "tslib": {
      "version": "1.9.3",
      "resolved": "https://registry.npmjs.org/tslib/-/tslib-1.9.3.tgz",
      "integrity": "sha512-4krF8scpejhaOgqzBEcGM7yDIEfi0/8+8zDRZhNZZ2kjmHJ4hv3zCbQWxoJGz1iw5U0Jl0nma13xzHXcncMavQ=="
    }
  }
}
